
Microsoft Visual Studio Solution File, Format Version 12.00
# Visual Studio Version 16
VisualStudioVersion = 16.0.33423.256
MinimumVisualStudioVersion = 10.0.40219.1
Project("{FAE04EC0-301F-11D3-BF4B-00C04F79EFBC}") = "Bai1_SuDungToanTu", "Bai1_SuDungToanTu\Bai1_SuDungToanTu.csproj", "{615CF70A-05E3-4444-8B19-41914233350C}"
EndProject
Global
	GlobalSection(SolutionConfigurationPlatforms) = preSolution
		Debug|Any CPU = Debug|Any CPU
		Release|Any CPU = Release|Any CPU
	EndGlobalSection
	GlobalSection(ProjectConfigurationPlatforms) = postSolution
		{615CF70A-05E3-4444-8B19-41914233350C}.Debug|Any CPU.ActiveCfg = Debug|Any CPU
		{615CF70A-05E3-4444-8B19-41914233350C}.Debug|Any CPU.Build.0 = Debug|Any CPU
		{615CF70A-05E3-4444-8B19-41914233350C}.Release|Any CPU.ActiveCfg = Release|Any CPU
		{615CF70A-05E3-4444-8B19-41914233350C}.Release|Any CPU.Build.0 = Release|Any CPU
	EndGlobalSection
	GlobalSection(SolutionProperties) = preSolution
		HideSolutionNode = FALSE
	EndGlobalSection
	GlobalSection(ExtensibilityGlobals) = postSolution
		SolutionGuid = {99B8F8FE-2627-4D1D-A7AE-12DE0E930B2A}
	EndGlobalSection
EndGlobal
